
Microsoft Visual Studio Solution File, Format Version 12.00
# Visual Studio Version 16
VisualStudioVersion = 16.0.31829.152
MinimumVisualStudioVersion = 10.0.40219.1
Project("{9A19103F-16F7-4668-BE54-9A1E7A4F7556}") = "TaskManager.API", "TaskManager.API\TaskManager.API.csproj", "{5678A38E-4AE0-4BE0-86EC-789B76C92221}"
EndProject
Project("{9A19103F-16F7-4668-BE54-9A1E7A4F7556}") = "TaskManager.Domain", "TaskManager.Domain\TaskManager.Domain.csproj", "{48BA33E4-B2DB-416B-A1CD-4D02EA5D9596}"
EndProject
Project("{9A19103F-16F7-4668-BE54-9A1E7A4F7556}") = "TaskManager.Infrastructure", "TaskManager.Infrastructure\TaskManager.Infrastructure.csproj", "{C20323B6-5222-411D-AA8C-2331D1DAE36F}"
EndProject
Project("{FAE04EC0-301F-11D3-BF4B-00C04F79EFBC}") = "TestProject", "TestProject\TestProject.csproj", "{631A86C0-0916-44B6-AE22-09DBD93390A2}"
EndProject
Global
	GlobalSection(SolutionConfigurationPlatforms) = preSolution
		Debug|Any CPU = Debug|Any CPU
		Release|Any CPU = Release|Any CPU
	EndGlobalSection
	GlobalSection(ProjectConfigurationPlatforms) = postSolution
		{5678A38E-4AE0-4BE0-86EC-789B76C92221}.Debug|Any CPU.ActiveCfg = Debug|Any CPU
		{5678A38E-4AE0-4BE0-86EC-789B76C92221}.Debug|Any CPU.Build.0 = Debug|Any CPU
		{5678A38E-4AE0-4BE0-86EC-789B76C92221}.Release|Any CPU.ActiveCfg = Release|Any CPU
		{5678A38E-4AE0-4BE0-86EC-789B76C92221}.Release|Any CPU.Build.0 = Release|Any CPU
		{48BA33E4-B2DB-416B-A1CD-4D02EA5D9596}.Debug|Any CPU.ActiveCfg = Debug|Any CPU
		{48BA33E4-B2DB-416B-A1CD-4D02EA5D9596}.Debug|Any CPU.Build.0 = Debug|Any CPU
		{48BA33E4-B2DB-416B-A1CD-4D02EA5D9596}.Release|Any CPU.ActiveCfg = Release|Any CPU
		{48BA33E4-B2DB-416B-A1CD-4D02EA5D9596}.Release|Any CPU.Build.0 = Release|Any CPU
		{C20323B6-5222-411D-AA8C-2331D1DAE36F}.Debug|Any CPU.ActiveCfg = Debug|Any CPU
		{C20323B6-5222-411D-AA8C-2331D1DAE36F}.Debug|Any CPU.Build.0 = Debug|Any CPU
		{C20323B6-5222-411D-AA8C-2331D1DAE36F}.Release|Any CPU.ActiveCfg = Release|Any CPU
		{C20323B6-5222-411D-AA8C-2331D1DAE36F}.Release|Any CPU.Build.0 = Release|Any CPU
		{631A86C0-0916-44B6-AE22-09DBD93390A2}.Debug|Any CPU.ActiveCfg = Debug|Any CPU
		{631A86C0-0916-44B6-AE22-09DBD93390A2}.Debug|Any CPU.Build.0 = Debug|Any CPU
		{631A86C0-0916-44B6-AE22-09DBD93390A2}.Release|Any CPU.ActiveCfg = Release|Any CPU
		{631A86C0-0916-44B6-AE22-09DBD93390A2}.Release|Any CPU.Build.0 = Release|Any CPU
	EndGlobalSection
	GlobalSection(SolutionProperties) = preSolution
		HideSolutionNode = FALSE
	EndGlobalSection
	GlobalSection(ExtensibilityGlobals) = postSolution
		SolutionGuid = {7948E325-4A5C-454B-8155-FC00F26DE301}
	EndGlobalSection
EndGlobal
